
Microsoft Visual Studio Solution File, Format Version 12.00
# Visual Studio Version 17
VisualStudioVersion = 17.5.33502.453
MinimumVisualStudioVersion = 10.0.40219.1
Project("{FAE04EC0-301F-11D3-BF4B-00C04F79EFBC}") = "CapaPresentacionAdmin", "CapaPresentacionAdmin\CapaPresentacionAdmin.csproj", "{8BCDDD31-20FF-4F5F-AF70-250007274EA7}"
EndProject
Project("{FAE04EC0-301F-11D3-BF4B-00C04F79EFBC}") = "CapaPresentacionTienda", "CapaPresentacionTienda\CapaPresentacionTienda.csproj", "{E2138DF9-2852-48BF-9B98-4F3CEB30DCAE}"
EndProject
Project("{FAE04EC0-301F-11D3-BF4B-00C04F79EFBC}") = "CapaDatos", "CapaDatos\CapaDatos.csproj", "{7B7829E1-EFD1-4375-A905-368627905951}"
EndProject
Project("{FAE04EC0-301F-11D3-BF4B-00C04F79EFBC}") = "CapaEntidad", "CapaEntidad\CapaEntidad.csproj", "{69C7EE53-AAEC-451F-AA2F-042777C594F1}"
EndProject
Project("{FAE04EC0-301F-11D3-BF4B-00C04F79EFBC}") = "CapaNegocio", "CapaNegocio\CapaNegocio.csproj", "{0F428385-8B5C-4B86-9AD9-606006EB735C}"
EndProject
Global
	GlobalSection(SolutionConfigurationPlatforms) = preSolution
		Debug|Any CPU = Debug|Any CPU
		Release|Any CPU = Release|Any CPU
	EndGlobalSection
	GlobalSection(ProjectConfigurationPlatforms) = postSolution
		{8BCDDD31-20FF-4F5F-AF70-250007274EA7}.Debug|Any CPU.ActiveCfg = Debug|Any CPU
		{8BCDDD31-20FF-4F5F-AF70-250007274EA7}.Debug|Any CPU.Build.0 = Debug|Any CPU
		{8BCDDD31-20FF-4F5F-AF70-250007274EA7}.Release|Any CPU.ActiveCfg = Release|Any CPU
		{8BCDDD31-20FF-4F5F-AF70-250007274EA7}.Release|Any CPU.Build.0 = Release|Any CPU
		{E2138DF9-2852-48BF-9B98-4F3CEB30DCAE}.Debug|Any CPU.ActiveCfg = Debug|Any CPU
		{E2138DF9-2852-48BF-9B98-4F3CEB30DCAE}.Debug|Any CPU.Build.0 = Debug|Any CPU
		{E2138DF9-2852-48BF-9B98-4F3CEB30DCAE}.Release|Any CPU.ActiveCfg = Release|Any CPU
		{E2138DF9-2852-48BF-9B98-4F3CEB30DCAE}.Release|Any CPU.Build.0 = Release|Any CPU
		{7B7829E1-EFD1-4375-A905-368627905951}.Debug|Any CPU.ActiveCfg = Debug|Any CPU
		{7B7829E1-EFD1-4375-A905-368627905951}.Debug|Any CPU.Build.0 = Debug|Any CPU
		{7B7829E1-EFD1-4375-A905-368627905951}.Release|Any CPU.ActiveCfg = Release|Any CPU
		{7B7829E1-EFD1-4375-A905-368627905951}.Release|Any CPU.Build.0 = Release|Any CPU
		{69C7EE53-AAEC-451F-AA2F-042777C594F1}.Debug|Any CPU.ActiveCfg = Debug|Any CPU
		{69C7EE53-AAEC-451F-AA2F-042777C594F1}.Debug|Any CPU.Build.0 = Debug|Any CPU
		{69C7EE53-AAEC-451F-AA2F-042777C594F1}.Release|Any CPU.ActiveCfg = Release|Any CPU
		{69C7EE53-AAEC-451F-AA2F-042777C594F1}.Release|Any CPU.Build.0 = Release|Any CPU
		{0F428385-8B5C-4B86-9AD9-606006EB735C}.Debug|Any CPU.ActiveCfg = Debug|Any CPU
		{0F428385-8B5C-4B86-9AD9-606006EB735C}.Debug|Any CPU.Build.0 = Debug|Any CPU
		{0F428385-8B5C-4B86-9AD9-606006EB735C}.Release|Any CPU.ActiveCfg = Release|Any CPU
		{0F428385-8B5C-4B86-9AD9-606006EB735C}.Release|Any CPU.Build.0 = Release|Any CPU
	EndGlobalSection
	GlobalSection(SolutionProperties) = preSolution
		HideSolutionNode = FALSE
	EndGlobalSection
	GlobalSection(ExtensibilityGlobals) = postSolution
		SolutionGuid = {9041B306-2C02-4836-94E1-E2ED746E9CE2}
	EndGlobalSection
EndGlobal
